
Microsoft Visual Studio Solution File, Format Version 12.00
# Visual Studio Version 16
VisualStudioVersion = 16.0.30330.147
MinimumVisualStudioVersion = 10.0.40219.1
Project("{FAE04EC0-301F-11D3-BF4B-00C04F79EFBC}") = "001_HelloWorld", "001_HelloWorld\001_HelloWorld.csproj", "{BB55EA42-6EE9-46D1-8371-4E9027EAF924}"
EndProject
Project("{FAE04EC0-301F-11D3-BF4B-00C04F79EFBC}") = "002_HelloWorld2", "002_HelloWorld2\002_HelloWorld2.csproj", "{AB2EB53F-19D8-4DC1-AB8B-889894A2FB0A}"
EndProject
Project("{FAE04EC0-301F-11D3-BF4B-00C04F79EFBC}") = "003_HelloWorld3", "003_HelloWorld3\003_HelloWorld3.csproj", "{10C46AD7-5C7E-4BE7-92BD-8E4113480822}"
EndProject
Project("{FAE04EC0-301F-11D3-BF4B-00C04F79EFBC}") = "004_Check", "004_Check\004_Check.csproj", "{B792E262-F6E3-4D98-ACE9-6D0BF222CD11}"
EndProject
Project("{FAE04EC0-301F-11D3-BF4B-00C04F79EFBC}") = "005_Check", "005_Check\005_Check.csproj", "{13C1E7E6-6A3A-42E0-816C-61A5C9710B86}"
EndProject
Project("{FAE04EC0-301F-11D3-BF4B-00C04F79EFBC}") = "006_Variable", "006_Variable\006_Variable.csproj", "{04BC2C42-F126-4D33-AEB1-98EC212DBE0E}"
EndProject
Project("{FAE04EC0-301F-11D3-BF4B-00C04F79EFBC}") = "007_Variable2", "007_Variable2\007_Variable2.csproj", "{832605AB-6A1D-4288-BBD7-7621B6D1E5D7}"
EndProject
Project("{FAE04EC0-301F-11D3-BF4B-00C04F79EFBC}") = "008_Data1", "008_Data1\008_Data1.csproj", "{C10D56F8-C3BC-493B-B142-D9A157892724}"
EndProject
Project("{FAE04EC0-301F-11D3-BF4B-00C04F79EFBC}") = "009_Data2", "009_Data2\009_Data2.csproj", "{AA47A112-8995-4CE6-9D8A-54BB3E1C5EE9}"
EndProject
Project("{FAE04EC0-301F-11D3-BF4B-00C04F79EFBC}") = "010_Data3", "010_Data3\010_Data3.csproj", "{37F7078E-E9F6-45D0-81FE-4E536DB3A285}"
EndProject
Project("{FAE04EC0-301F-11D3-BF4B-00C04F79EFBC}") = "011_Data4", "011_Data4\011_Data4.csproj", "{7F611FE5-29E1-4512-A52F-1BFD7370B955}"
EndProject
Project("{FAE04EC0-301F-11D3-BF4B-00C04F79EFBC}") = "012_Data5", "012_Data5\012_Data5.csproj", "{DF0F232D-ED90-4757-BEBB-8CFA3370503F}"
EndProject
Project("{FAE04EC0-301F-11D3-BF4B-00C04F79EFBC}") = "013_Data6", "013_Data6\013_Data6.csproj", "{8B357E35-9465-42D5-BD4B-A27AC6A89CD2}"
EndProject
Project("{FAE04EC0-301F-11D3-BF4B-00C04F79EFBC}") = "014_Data7", "014_Data7\014_Data7.csproj", "{0B14595C-A530-498C-AD28-0E74277B2CF9}"
EndProject
Project("{FAE04EC0-301F-11D3-BF4B-00C04F79EFBC}") = "015_Data8", "015_Data8\015_Data8.csproj", "{42AE4461-2728-4FD4-9EBC-398C9E4B334F}"
EndProject
Project("{FAE04EC0-301F-11D3-BF4B-00C04F79EFBC}") = "016_String", "016_String\016_String.csproj", "{A7C8EF35-310B-40A0-9AAD-F7482FB28774}"
EndProject
Project("{FAE04EC0-301F-11D3-BF4B-00C04F79EFBC}") = "017_Data_bool", "017_Data_bool\017_Data_bool.csproj", "{569FA64A-5A8E-48E8-A7AC-CD925DDAD2BC}"
EndProject
Project("{FAE04EC0-301F-11D3-BF4B-00C04F79EFBC}") = "018_Data_object", "018_Data_object\018_Data_object.csproj", "{708CCB51-1F2F-46B7-B5E2-18832B7E8ABF}"
EndProject
Project("{FAE04EC0-301F-11D3-BF4B-00C04F79EFBC}") = "019_Data_enum", "019_Data_enum\019_Data_enum.csproj", "{6FDBCC82-8E7B-429F-A38D-0DA3B635FACB}"
EndProject
Project("{FAE04EC0-301F-11D3-BF4B-00C04F79EFBC}") = "020_Data_enum2", "020_Data_enum2\020_Data_enum2.csproj", "{2347C146-789E-4B9B-930B-62FB3BED3168}"
EndProject
Project("{FAE04EC0-301F-11D3-BF4B-00C04F79EFBC}") = "021_Data_nullable", "021_Data_nullable\021_Data_nullable.csproj", "{9994401D-C4E4-42A3-B78E-B59A378284AC}"
EndProject
Project("{FAE04EC0-301F-11D3-BF4B-00C04F79EFBC}") = "022_Data_var", "022_Data_var\022_Data_var.csproj", "{046B3321-1796-43CA-94C5-F7C02EB2C4DD}"
EndProject
Project("{FAE04EC0-301F-11D3-BF4B-00C04F79EFBC}") = "023_Data_const", "023_Data_const\023_Data_const.csproj", "{18EA668D-47A4-4E39-8C05-827250BDAC50}"
EndProject
Project("{FAE04EC0-301F-11D3-BF4B-00C04F79EFBC}") = "024_Data_cast", "024_Data_cast\024_Data_cast.csproj", "{7E2F1D99-DBAB-46B5-8117-19A1C010E068}"
EndProject
Project("{FAE04EC0-301F-11D3-BF4B-00C04F79EFBC}") = "025_Data_ToString", "025_Data_ToString\025_Data_ToString.csproj", "{A7FA77CC-2947-4B9A-9496-8AF58FADD1AD}"
EndProject
Project("{FAE04EC0-301F-11D3-BF4B-00C04F79EFBC}") = "026_Data_Parse", "026_Data_Parse\026_Data_Parse.csproj", "{914C65E3-7407-44DB-A332-068586D88496}"
EndProject
Project("{FAE04EC0-301F-11D3-BF4B-00C04F79EFBC}") = "027_Data_Convert", "027_Data_Convert\027_Data_Convert.csproj", "{4F19CBA2-D0C5-4CFD-A055-7E5EE19AF746}"
EndProject
Global
	GlobalSection(SolutionConfigurationPlatforms) = preSolution
		Debug|Any CPU = Debug|Any CPU
		Release|Any CPU = Release|Any CPU
	EndGlobalSection
	GlobalSection(ProjectConfigurationPlatforms) = postSolution
		{BB55EA42-6EE9-46D1-8371-4E9027EAF924}.Debug|Any CPU.ActiveCfg = Debug|Any CPU
		{BB55EA42-6EE9-46D1-8371-4E9027EAF924}.Debug|Any CPU.Build.0 = Debug|Any CPU
		{BB55EA42-6EE9-46D1-8371-4E9027EAF924}.Release|Any CPU.ActiveCfg = Release|Any CPU
		{BB55EA42-6EE9-46D1-8371-4E9027EAF924}.Release|Any CPU.Build.0 = Release|Any CPU
		{AB2EB53F-19D8-4DC1-AB8B-889894A2FB0A}.Debug|Any CPU.ActiveCfg = Debug|Any CPU
		{AB2EB53F-19D8-4DC1-AB8B-889894A2FB0A}.Debug|Any CPU.Build.0 = Debug|Any CPU
		{AB2EB53F-19D8-4DC1-AB8B-889894A2FB0A}.Release|Any CPU.ActiveCfg = Release|Any CPU
		{AB2EB53F-19D8-4DC1-AB8B-889894A2FB0A}.Release|Any CPU.Build.0 = Release|Any CPU
		{10C46AD7-5C7E-4BE7-92BD-8E4113480822}.Debug|Any CPU.ActiveCfg = Debug|Any CPU
		{10C46AD7-5C7E-4BE7-92BD-8E4113480822}.Debug|Any CPU.Build.0 = Debug|Any CPU
		{10C46AD7-5C7E-4BE7-92BD-8E4113480822}.Release|Any CPU.ActiveCfg = Release|Any CPU
		{10C46AD7-5C7E-4BE7-92BD-8E4113480822}.Release|Any CPU.Build.0 = Release|Any CPU
		{B792E262-F6E3-4D98-ACE9-6D0BF222CD11}.Debug|Any CPU.ActiveCfg = Debug|Any CPU
		{B792E262-F6E3-4D98-ACE9-6D0BF222CD11}.Debug|Any CPU.Build.0 = Debug|Any CPU
		{B792E262-F6E3-4D98-ACE9-6D0BF222CD11}.Release|Any CPU.ActiveCfg = Release|Any CPU
		{B792E262-F6E3-4D98-ACE9-6D0BF222CD11}.Release|Any CPU.Build.0 = Release|Any CPU
		{13C1E7E6-6A3A-42E0-816C-61A5C9710B86}.Debug|Any CPU.ActiveCfg = Debug|Any CPU
		{13C1E7E6-6A3A-42E0-816C-61A5C9710B86}.Debug|Any CPU.Build.0 = Debug|Any CPU
		{13C1E7E6-6A3A-42E0-816C-61A5C9710B86}.Release|Any CPU.ActiveCfg = Release|Any CPU
		{13C1E7E6-6A3A-42E0-816C-61A5C9710B86}.Release|Any CPU.Build.0 = Release|Any CPU
		{04BC2C42-F126-4D33-AEB1-98EC212DBE0E}.Debug|Any CPU.ActiveCfg = Debug|Any CPU
		{04BC2C42-F126-4D33-AEB1-98EC212DBE0E}.Debug|Any CPU.Build.0 = Debug|Any CPU
		{04BC2C42-F126-4D33-AEB1-98EC212DBE0E}.Release|Any CPU.ActiveCfg = Release|Any CPU
		{04BC2C42-F126-4D33-AEB1-98EC212DBE0E}.Release|Any CPU.Build.0 = Release|Any CPU
		{832605AB-6A1D-4288-BBD7-7621B6D1E5D7}.Debug|Any CPU.ActiveCfg = Debug|Any CPU
		{832605AB-6A1D-4288-BBD7-7621B6D1E5D7}.Debug|Any CPU.Build.0 = Debug|Any CPU
		{832605AB-6A1D-4288-BBD7-7621B6D1E5D7}.Release|Any CPU.ActiveCfg = Release|Any CPU
		{832605AB-6A1D-4288-BBD7-7621B6D1E5D7}.Release|Any CPU.Build.0 = Release|Any CPU
		{C10D56F8-C3BC-493B-B142-D9A157892724}.Debug|Any CPU.ActiveCfg = Debug|Any CPU
		{C10D56F8-C3BC-493B-B142-D9A157892724}.Debug|Any CPU.Build.0 = Debug|Any CPU
		{C10D56F8-C3BC-493B-B142-D9A157892724}.Release|Any CPU.ActiveCfg = Release|Any CPU
		{C10D56F8-C3BC-493B-B142-D9A157892724}.Release|Any CPU.Build.0 = Release|Any CPU
		{AA47A112-8995-4CE6-9D8A-54BB3E1C5EE9}.Debug|Any CPU.ActiveCfg = Debug|Any CPU
		{AA47A112-8995-4CE6-9D8A-54BB3E1C5EE9}.Debug|Any CPU.Build.0 = Debug|Any CPU
		{AA47A112-8995-4CE6-9D8A-54BB3E1C5EE9}.Release|Any CPU.ActiveCfg = Release|Any CPU
		{AA47A112-8995-4CE6-9D8A-54BB3E1C5EE9}.Release|Any CPU.Build.0 = Release|Any CPU
		{37F7078E-E9F6-45D0-81FE-4E536DB3A285}.Debug|Any CPU.ActiveCfg = Debug|Any CPU
		{37F7078E-E9F6-45D0-81FE-4E536DB3A285}.Debug|Any CPU.Build.0 = Debug|Any CPU
		{37F7078E-E9F6-45D0-81FE-4E536DB3A285}.Release|Any CPU.ActiveCfg = Release|Any CPU
		{37F7078E-E9F6-45D0-81FE-4E536DB3A285}.Release|Any CPU.Build.0 = Release|Any CPU
		{7F611FE5-29E1-4512-A52F-1BFD7370B955}.Debug|Any CPU.ActiveCfg = Debug|Any CPU
		{7F611FE5-29E1-4512-A52F-1BFD7370B955}.Debug|Any CPU.Build.0 = Debug|Any CPU
		{7F611FE5-29E1-4512-A52F-1BFD7370B955}.Release|Any CPU.ActiveCfg = Release|Any CPU
		{7F611FE5-29E1-4512-A52F-1BFD7370B955}.Release|Any CPU.Build.0 = Release|Any CPU
		{DF0F232D-ED90-4757-BEBB-8CFA3370503F}.Debug|Any CPU.ActiveCfg = Debug|Any CPU
		{DF0F232D-ED90-4757-BEBB-8CFA3370503F}.Debug|Any CPU.Build.0 = Debug|Any CPU
		{DF0F232D-ED90-4757-BEBB-8CFA3370503F}.Release|Any CPU.ActiveCfg = Release|Any CPU
		{DF0F232D-ED90-4757-BEBB-8CFA3370503F}.Release|Any CPU.Build.0 = Release|Any CPU
		{8B357E35-9465-42D5-BD4B-A27AC6A89CD2}.Debug|Any CPU.ActiveCfg = Debug|Any CPU
		{8B357E35-9465-42D5-BD4B-A27AC6A89CD2}.Debug|Any CPU.Build.0 = Debug|Any CPU
		{8B357E35-9465-42D5-BD4B-A27AC6A89CD2}.Release|Any CPU.ActiveCfg = Release|Any CPU
		{8B357E35-9465-42D5-BD4B-A27AC6A89CD2}.Release|Any CPU.Build.0 = Release|Any CPU
		{0B14595C-A530-498C-AD28-0E74277B2CF9}.Debug|Any CPU.ActiveCfg = Debug|Any CPU
		{0B14595C-A530-498C-AD28-0E74277B2CF9}.Debug|Any CPU.Build.0 = Debug|Any CPU
		{0B14595C-A530-498C-AD28-0E74277B2CF9}.Release|Any CPU.ActiveCfg = Release|Any CPU
		{0B14595C-A530-498C-AD28-0E74277B2CF9}.Release|Any CPU.Build.0 = Release|Any CPU
		{42AE4461-2728-4FD4-9EBC-398C9E4B334F}.Debug|Any CPU.ActiveCfg = Debug|Any CPU
		{42AE4461-2728-4FD4-9EBC-398C9E4B334F}.Debug|Any CPU.Build.0 = Debug|Any CPU
		{42AE4461-2728-4FD4-9EBC-398C9E4B334F}.Release|Any CPU.ActiveCfg = Release|Any CPU
		{42AE4461-2728-4FD4-9EBC-398C9E4B334F}.Release|Any CPU.Build.0 = Release|Any CPU
		{A7C8EF35-310B-40A0-9AAD-F7482FB28774}.Debug|Any CPU.ActiveCfg = Debug|Any CPU
		{A7C8EF35-310B-40A0-9AAD-F7482FB28774}.Debug|Any CPU.Build.0 = Debug|Any CPU
		{A7C8EF35-310B-40A0-9AAD-F7482FB28774}.Release|Any CPU.ActiveCfg = Release|Any CPU
		{A7C8EF35-310B-40A0-9AAD-F7482FB28774}.Release|Any CPU.Build.0 = Release|Any CPU
		{569FA64A-5A8E-48E8-A7AC-CD925DDAD2BC}.Debug|Any CPU.ActiveCfg = Debug|Any CPU
		{569FA64A-5A8E-48E8-A7AC-CD925DDAD2BC}.Debug|Any CPU.Build.0 = Debug|Any CPU
		{569FA64A-5A8E-48E8-A7AC-CD925DDAD2BC}.Release|Any CPU.ActiveCfg = Release|Any CPU
		{569FA64A-5A8E-48E8-A7AC-CD925DDAD2BC}.Release|Any CPU.Build.0 = Release|Any CPU
		{708CCB51-1F2F-46B7-B5E2-18832B7E8ABF}.Debug|Any CPU.ActiveCfg = Debug|Any CPU
		{708CCB51-1F2F-46B7-B5E2-18832B7E8ABF}.Debug|Any CPU.Build.0 = Debug|Any CPU
		{708CCB51-1F2F-46B7-B5E2-18832B7E8ABF}.Release|Any CPU.ActiveCfg = Release|Any CPU
		{708CCB51-1F2F-46B7-B5E2-18832B7E8ABF}.Release|Any CPU.Build.0 = Release|Any CPU
		{6FDBCC82-8E7B-429F-A38D-0DA3B635FACB}.Debug|Any CPU.ActiveCfg = Debug|Any CPU
		{6FDBCC82-8E7B-429F-A38D-0DA3B635FACB}.Debug|Any CPU.Build.0 = Debug|Any CPU
		{6FDBCC82-8E7B-429F-A38D-0DA3B635FACB}.Release|Any CPU.ActiveCfg = Release|Any CPU
		{6FDBCC82-8E7B-429F-A38D-0DA3B635FACB}.Release|Any CPU.Build.0 = Release|Any CPU
		{2347C146-789E-4B9B-930B-62FB3BED3168}.Debug|Any CPU.ActiveCfg = Debug|Any CPU
		{2347C146-789E-4B9B-930B-62FB3BED3168}.Debug|Any CPU.Build.0 = Debug|Any CPU
		{2347C146-789E-4B9B-930B-62FB3BED3168}.Release|Any CPU.ActiveCfg = Release|Any CPU
		{2347C146-789E-4B9B-930B-62FB3BED3168}.Release|Any CPU.Build.0 = Release|Any CPU
		{9994401D-C4E4-42A3-B78E-B59A378284AC}.Debug|Any CPU.ActiveCfg = Debug|Any CPU
		{9994401D-C4E4-42A3-B78E-B59A378284AC}.Debug|Any CPU.Build.0 = Debug|Any CPU
		{9994401D-C4E4-42A3-B78E-B59A378284AC}.Release|Any CPU.ActiveCfg = Release|Any CPU
		{9994401D-C4E4-42A3-B78E-B59A378284AC}.Release|Any CPU.Build.0 = Release|Any CPU
		{046B3321-1796-43CA-94C5-F7C02EB2C4DD}.Debug|Any CPU.ActiveCfg = Debug|Any CPU
		{046B3321-1796-43CA-94C5-F7C02EB2C4DD}.Debug|Any CPU.Build.0 = Debug|Any CPU
		{046B3321-1796-43CA-94C5-F7C02EB2C4DD}.Release|Any CPU.ActiveCfg = Release|Any CPU
		{046B3321-1796-43CA-94C5-F7C02EB2C4DD}.Release|Any CPU.Build.0 = Release|Any CPU
		{18EA668D-47A4-4E39-8C05-827250BDAC50}.Debug|Any CPU.ActiveCfg = Debug|Any CPU
		{18EA668D-47A4-4E39-8C05-827250BDAC50}.Debug|Any CPU.Build.0 = Debug|Any CPU
		{18EA668D-47A4-4E39-8C05-827250BDAC50}.Release|Any CPU.ActiveCfg = Release|Any CPU
		{18EA668D-47A4-4E39-8C05-827250BDAC50}.Release|Any CPU.Build.0 = Release|Any CPU
		{7E2F1D99-DBAB-46B5-8117-19A1C010E068}.Debug|Any CPU.ActiveCfg = Debug|Any CPU
		{7E2F1D99-DBAB-46B5-8117-19A1C010E068}.Debug|Any CPU.Build.0 = Debug|Any CPU
		{7E2F1D99-DBAB-46B5-8117-19A1C010E068}.Release|Any CPU.ActiveCfg = Release|Any CPU
		{7E2F1D99-DBAB-46B5-8117-19A1C010E068}.Release|Any CPU.Build.0 = Release|Any CPU
		{A7FA77CC-2947-4B9A-9496-8AF58FADD1AD}.Debug|Any CPU.ActiveCfg = Debug|Any CPU
		{A7FA77CC-2947-4B9A-9496-8AF58FADD1AD}.Debug|Any CPU.Build.0 = Debug|Any CPU
		{A7FA77CC-2947-4B9A-9496-8AF58FADD1AD}.Release|Any CPU.ActiveCfg = Release|Any CPU
		{A7FA77CC-2947-4B9A-9496-8AF58FADD1AD}.Release|Any CPU.Build.0 = Release|Any CPU
		{914C65E3-7407-44DB-A332-068586D88496}.Debug|Any CPU.ActiveCfg = Debug|Any CPU
		{914C65E3-7407-44DB-A332-068586D88496}.Debug|Any CPU.Build.0 = Debug|Any CPU
		{914C65E3-7407-44DB-A332-068586D88496}.Release|Any CPU.ActiveCfg = Release|Any CPU
		{914C65E3-7407-44DB-A332-068586D88496}.Release|Any CPU.Build.0 = Release|Any CPU
		{4F19CBA2-D0C5-4CFD-A055-7E5EE19AF746}.Debug|Any CPU.ActiveCfg = Debug|Any CPU
		{4F19CBA2-D0C5-4CFD-A055-7E5EE19AF746}.Debug|Any CPU.Build.0 = Debug|Any CPU
		{4F19CBA2-D0C5-4CFD-A055-7E5EE19AF746}.Release|Any CPU.ActiveCfg = Release|Any CPU
		{4F19CBA2-D0C5-4CFD-A055-7E5EE19AF746}.Release|Any CPU.Build.0 = Release|Any CPU
	EndGlobalSection
	GlobalSection(SolutionProperties) = preSolution
		HideSolutionNode = FALSE
	EndGlobalSection
	GlobalSection(ExtensibilityGlobals) = postSolution
		SolutionGuid = {68C0C452-590F-42C6-97ED-7ABA1991C950}
	EndGlobalSection
EndGlobal
