
Microsoft Visual Studio Solution File, Format Version 12.00
# Visual Studio Version 16
VisualStudioVersion = 16.0.30330.147
MinimumVisualStudioVersion = 10.0.40219.1
Project("{FAE04EC0-301F-11D3-BF4B-00C04F79EFBC}") = "001_HelloWorld", "001_HelloWorld\001_HelloWorld.csproj", "{BB55EA42-6EE9-46D1-8371-4E9027EAF924}"
EndProject
Project("{FAE04EC0-301F-11D3-BF4B-00C04F79EFBC}") = "002_HelloWorld2", "002_HelloWorld2\002_HelloWorld2.csproj", "{AB2EB53F-19D8-4DC1-AB8B-889894A2FB0A}"
EndProject
Project("{FAE04EC0-301F-11D3-BF4B-00C04F79EFBC}") = "003_HelloWorld3", "003_HelloWorld3\003_HelloWorld3.csproj", "{10C46AD7-5C7E-4BE7-92BD-8E4113480822}"
EndProject
Project("{FAE04EC0-301F-11D3-BF4B-00C04F79EFBC}") = "004_Check", "004_Check\004_Check.csproj", "{B792E262-F6E3-4D98-ACE9-6D0BF222CD11}"
EndProject
Project("{FAE04EC0-301F-11D3-BF4B-00C04F79EFBC}") = "005_Check", "005_Check\005_Check.csproj", "{13C1E7E6-6A3A-42E0-816C-61A5C9710B86}"
EndProject
Project("{FAE04EC0-301F-11D3-BF4B-00C04F79EFBC}") = "006_Variable", "006_Variable\006_Variable.csproj", "{04BC2C42-F126-4D33-AEB1-98EC212DBE0E}"
EndProject
Project("{FAE04EC0-301F-11D3-BF4B-00C04F79EFBC}") = "007_Variable2", "007_Variable2\007_Variable2.csproj", "{832605AB-6A1D-4288-BBD7-7621B6D1E5D7}"
EndProject
Project("{FAE04EC0-301F-11D3-BF4B-00C04F79EFBC}") = "008_Data1", "008_Data1\008_Data1.csproj", "{C10D56F8-C3BC-493B-B142-D9A157892724}"
EndProject
Project("{FAE04EC0-301F-11D3-BF4B-00C04F79EFBC}") = "009_Data2", "009_Data2\009_Data2.csproj", "{AA47A112-8995-4CE6-9D8A-54BB3E1C5EE9}"
EndProject
Project("{FAE04EC0-301F-11D3-BF4B-00C04F79EFBC}") = "010_Data3", "010_Data3\010_Data3.csproj", "{37F7078E-E9F6-45D0-81FE-4E536DB3A285}"
EndProject
Project("{FAE04EC0-301F-11D3-BF4B-00C04F79EFBC}") = "011_Data4", "011_Data4\011_Data4.csproj", "{7F611FE5-29E1-4512-A52F-1BFD7370B955}"
EndProject
Project("{FAE04EC0-301F-11D3-BF4B-00C04F79EFBC}") = "012_Data5", "012_Data5\012_Data5.csproj", "{DF0F232D-ED90-4757-BEBB-8CFA3370503F}"
EndProject
Project("{FAE04EC0-301F-11D3-BF4B-00C04F79EFBC}") = "013_Data6", "013_Data6\013_Data6.csproj", "{8B357E35-9465-42D5-BD4B-A27AC6A89CD2}"
EndProject
Project("{FAE04EC0-301F-11D3-BF4B-00C04F79EFBC}") = "014_Data7", "014_Data7\014_Data7.csproj", "{0B14595C-A530-498C-AD28-0E74277B2CF9}"
EndProject
Project("{FAE04EC0-301F-11D3-BF4B-00C04F79EFBC}") = "015_Data8", "015_Data8\015_Data8.csproj", "{42AE4461-2728-4FD4-9EBC-398C9E4B334F}"
EndProject
Project("{FAE04EC0-301F-11D3-BF4B-00C04F79EFBC}") = "016_String", "016_String\016_String.csproj", "{A7C8EF35-310B-40A0-9AAD-F7482FB28774}"
EndProject
Project("{FAE04EC0-301F-11D3-BF4B-00C04F79EFBC}") = "017_Data_bool", "017_Data_bool\017_Data_bool.csproj", "{569FA64A-5A8E-48E8-A7AC-CD925DDAD2BC}"
EndProject
Project("{FAE04EC0-301F-11D3-BF4B-00C04F79EFBC}") = "018_Data_object", "018_Data_object\018_Data_object.csproj", "{708CCB51-1F2F-46B7-B5E2-18832B7E8ABF}"
EndProject
Project("{FAE04EC0-301F-11D3-BF4B-00C04F79EFBC}") = "019_Data_enum", "019_Data_enum\019_Data_enum.csproj", "{6FDBCC82-8E7B-429F-A38D-0DA3B635FACB}"
EndProject
Project("{FAE04EC0-301F-11D3-BF4B-00C04F79EFBC}") = "020_Data_enum2", "020_Data_enum2\020_Data_enum2.csproj", "{2347C146-789E-4B9B-930B-62FB3BED3168}"
EndProject
Project("{FAE04EC0-301F-11D3-BF4B-00C04F79EFBC}") = "021_Data_nullable", "021_Data_nullable\021_Data_nullable.csproj", "{9994401D-C4E4-42A3-B78E-B59A378284AC}"
EndProject
Project("{FAE04EC0-301F-11D3-BF4B-00C04F79EFBC}") = "022_Data_var", "022_Data_var\022_Data_var.csproj", "{046B3321-1796-43CA-94C5-F7C02EB2C4DD}"
EndProject
Project("{FAE04EC0-301F-11D3-BF4B-00C04F79EFBC}") = "023_Data_const", "023_Data_const\023_Data_const.csproj", "{18EA668D-47A4-4E39-8C05-827250BDAC50}"
EndProject
Project("{FAE04EC0-301F-11D3-BF4B-00C04F79EFBC}") = "024_Data_cast", "024_Data_cast\024_Data_cast.csproj", "{7E2F1D99-DBAB-46B5-8117-19A1C010E068}"
EndProject
Project("{FAE04EC0-301F-11D3-BF4B-00C04F79EFBC}") = "025_Data_ToString", "025_Data_ToString\025_Data_ToString.csproj", "{A7FA77CC-2947-4B9A-9496-8AF58FADD1AD}"
EndProject
Project("{FAE04EC0-301F-11D3-BF4B-00C04F79EFBC}") = "026_Data_Parse", "026_Data_Parse\026_Data_Parse.csproj", "{914C65E3-7407-44DB-A332-068586D88496}"
EndProject
Project("{FAE04EC0-301F-11D3-BF4B-00C04F79EFBC}") = "027_Data_Convert", "027_Data_Convert\027_Data_Convert.csproj", "{4F19CBA2-D0C5-4CFD-A055-7E5EE19AF746}"
EndProject
Project("{FAE04EC0-301F-11D3-BF4B-00C04F79EFBC}") = "028_Data_reference", "028_Data_reference\028_Data_reference.csproj", "{52BE51D9-0275-469C-96E0-FDF8C6108DE4}"
EndProject
Project("{FAE04EC0-301F-11D3-BF4B-00C04F79EFBC}") = "029_Data_boxing", "029_Data_boxing\029_Data_boxing.csproj", "{C7B1252D-8F15-4E10-ACF2-8266D342CFE6}"
EndProject
Project("{FAE04EC0-301F-11D3-BF4B-00C04F79EFBC}") = "030_ReadLine", "030_ReadLine\030_ReadLine.csproj", "{401ECFB8-6160-40D5-A7F4-860892321747}"
EndProject
Project("{FAE04EC0-301F-11D3-BF4B-00C04F79EFBC}") = "031_ReadLine2", "031_ReadLine2\031_ReadLine2.csproj", "{98C7B5A9-BD67-44EB-8884-2EB16582C30F}"
EndProject
Project("{FAE04EC0-301F-11D3-BF4B-00C04F79EFBC}") = "032_Check", "032_Check\032_Check.csproj", "{94539E4D-9141-4C3E-98CC-C64D5D6764D2}"
EndProject
Project("{FAE04EC0-301F-11D3-BF4B-00C04F79EFBC}") = "033_Check", "033_Check\033_Check.csproj", "{0552075D-DD8E-4D94-A046-35A23CBF6173}"
EndProject
Project("{FAE04EC0-301F-11D3-BF4B-00C04F79EFBC}") = "034_Operator1", "034_Operator1\034_Operator1.csproj", "{726244A0-E00E-4860-8749-B6E51DBA26FB}"
EndProject
Project("{FAE04EC0-301F-11D3-BF4B-00C04F79EFBC}") = "035_Operator2", "035_Operator2\035_Operator2.csproj", "{BD625BEE-3ED8-42F8-AAFC-3D3E719C605D}"
EndProject
Project("{FAE04EC0-301F-11D3-BF4B-00C04F79EFBC}") = "036_Operator3", "036_Operator3\036_Operator3.csproj", "{0B2DE8F0-E348-4C90-A8E8-315B8D882BFC}"
EndProject
Project("{FAE04EC0-301F-11D3-BF4B-00C04F79EFBC}") = "036_01_Operator3", "036_01_Operator3\036_01_Operator3.csproj", "{0348E0DA-0545-428C-B3A0-ABD942B192C8}"
EndProject
Project("{FAE04EC0-301F-11D3-BF4B-00C04F79EFBC}") = "037_Operator4", "037_Operator4\037_Operator4.csproj", "{6BC7C136-90A5-4CA0-B898-D664C9340440}"
EndProject
Project("{FAE04EC0-301F-11D3-BF4B-00C04F79EFBC}") = "038_Operator5", "038_Operator5\038_Operator5.csproj", "{5D6BF0B7-C639-4FDE-9336-C7E7E6AC8F3E}"
EndProject
Project("{FAE04EC0-301F-11D3-BF4B-00C04F79EFBC}") = "039_Operator6", "039_Operator6\039_Operator6.csproj", "{A6B258A4-863C-45D6-AA9C-811BECFD22C7}"
EndProject
Project("{FAE04EC0-301F-11D3-BF4B-00C04F79EFBC}") = "040_Operator_Bit", "040_Operator_Bit\040_Operator_Bit.csproj", "{BE57CCF4-7D62-4CE4-9189-3A02FF0ECFFC}"
EndProject
Project("{FAE04EC0-301F-11D3-BF4B-00C04F79EFBC}") = "041_Operator_null", "041_Operator_null\041_Operator_null.csproj", "{0C2A62DA-013B-41AD-B253-3BEE30733B1B}"
EndProject
Project("{FAE04EC0-301F-11D3-BF4B-00C04F79EFBC}") = "042_Operator_Branch", "042_Operator_Branch\042_Operator_Branch.csproj", "{8F9A58E8-0AE2-4F6A-9C8D-FF8EBA1D3756}"
EndProject
Project("{FAE04EC0-301F-11D3-BF4B-00C04F79EFBC}") = "043_Operator_Branch2", "043_Operator_Branch2\043_Operator_Branch2.csproj", "{FA2F6B73-0C47-4809-9053-8688B6D48CAB}"
EndProject
Project("{FAE04EC0-301F-11D3-BF4B-00C04F79EFBC}") = "044_Operator_Branch3", "044_Operator_Branch3\044_Operator_Branch3.csproj", "{E54411F3-231B-4865-AA51-E2745A435C73}"
EndProject
Project("{FAE04EC0-301F-11D3-BF4B-00C04F79EFBC}") = "045_Operator_switch", "045_Operator_switch\045_Operator_switch.csproj", "{65BFACE2-FD09-47C1-997E-F05D0E8A9AEE}"
EndProject
Project("{FAE04EC0-301F-11D3-BF4B-00C04F79EFBC}") = "046_Operator_switch", "046_Operator_switch\046_Operator_switch.csproj", "{7C07734F-522A-4ADD-A982-5A0095613470}"
EndProject
Project("{FAE04EC0-301F-11D3-BF4B-00C04F79EFBC}") = "047_Operator_while", "047_Operator_while\047_Operator_while.csproj", "{C0A09C28-5943-4B1B-88E1-99A727C47CDC}"
EndProject
Project("{FAE04EC0-301F-11D3-BF4B-00C04F79EFBC}") = "048_Operator_do_while", "048_Operator_do_while\048_Operator_do_while.csproj", "{CEF2DD52-56D8-4D7D-AD77-FB04ED54FD2B}"
EndProject
Project("{FAE04EC0-301F-11D3-BF4B-00C04F79EFBC}") = "049_Operator_for", "049_Operator_for\049_Operator_for.csproj", "{2ABC374D-2490-408F-9BE5-848946D7D0A5}"
EndProject
Project("{FAE04EC0-301F-11D3-BF4B-00C04F79EFBC}") = "050_Operator_for_for", "050_Operator_for_for\050_Operator_for_for.csproj", "{7450B0F6-1538-414B-8C09-3C8F3BCE901D}"
EndProject
Project("{FAE04EC0-301F-11D3-BF4B-00C04F79EFBC}") = "051_Operator_while(true)", "051_Operator_while(true)\051_Operator_while(true).csproj", "{C17474BD-2786-4D75-96CF-BD41E3CE5434}"
EndProject
Project("{FAE04EC0-301F-11D3-BF4B-00C04F79EFBC}") = "052_Operator_break", "052_Operator_break\052_Operator_break.csproj", "{DD7DD824-56B7-4BFF-8957-F7DAC90279BA}"
EndProject
Project("{FAE04EC0-301F-11D3-BF4B-00C04F79EFBC}") = "053_Operator_continue", "053_Operator_continue\053_Operator_continue.csproj", "{1488485D-CD21-4E0D-82EA-21FCAB5B4CD9}"
EndProject
Project("{FAE04EC0-301F-11D3-BF4B-00C04F79EFBC}") = "054_Operator_goto", "054_Operator_goto\054_Operator_goto.csproj", "{257051D9-D470-4CBF-9403-3A29991A6514}"
EndProject
Project("{FAE04EC0-301F-11D3-BF4B-00C04F79EFBC}") = "055_Check", "055_Check\055_Check.csproj", "{68B7F118-C475-4EBC-9165-8B7972DE287B}"
EndProject
Project("{FAE04EC0-301F-11D3-BF4B-00C04F79EFBC}") = "056_Check", "056_Check\056_Check.csproj", "{AAB06635-634C-4388-9DA7-EE8CAF500F6D}"
EndProject
Project("{FAE04EC0-301F-11D3-BF4B-00C04F79EFBC}") = "057_Check", "057_Check\057_Check.csproj", "{F1232FDD-E9C5-4C7D-AF51-DE17EF5294B2}"
EndProject
Project("{FAE04EC0-301F-11D3-BF4B-00C04F79EFBC}") = "CheckPoint01", "CheckPoint01\CheckPoint01.csproj", "{9F61E4E6-6854-4588-87BE-8601434E44E1}"
EndProject
Project("{FAE04EC0-301F-11D3-BF4B-00C04F79EFBC}") = "058_Func1", "058_Func1\058_Func1.csproj", "{FDBDA444-7F8A-4641-8727-13D9090FC0C4}"
EndProject
Project("{FAE04EC0-301F-11D3-BF4B-00C04F79EFBC}") = "059_Func2", "059_Func2\059_Func2.csproj", "{75C5182D-BF50-4C3F-92E6-80CF18C7E527}"
EndProject
Project("{FAE04EC0-301F-11D3-BF4B-00C04F79EFBC}") = "060_Func3", "060_Func3\060_Func3.csproj", "{004EC1CF-92F8-44A0-A864-A92C45088985}"
EndProject
Project("{FAE04EC0-301F-11D3-BF4B-00C04F79EFBC}") = "061_Func4", "061_Func4\061_Func4.csproj", "{B73DB98B-45EC-47AA-9A14-5DD903EEAEA1}"
EndProject
Project("{FAE04EC0-301F-11D3-BF4B-00C04F79EFBC}") = "062_FuncSwap", "062_FuncSwap\062_FuncSwap.csproj", "{2094AE2D-0216-45BF-80E7-55E5E57D9EA4}"
EndProject
Project("{FAE04EC0-301F-11D3-BF4B-00C04F79EFBC}") = "063_Func_out", "063_Func_out\063_Func_out.csproj", "{5EDCA9E1-99A7-4ECA-9C73-3054AED6C003}"
EndProject
Project("{FAE04EC0-301F-11D3-BF4B-00C04F79EFBC}") = "064_Func_default", "064_Func_default\064_Func_default.csproj", "{963A1577-B89B-42CB-87F9-F171BC5BDC41}"
EndProject
Project("{FAE04EC0-301F-11D3-BF4B-00C04F79EFBC}") = "065_Func_Overloading", "065_Func_Overloading\065_Func_Overloading.csproj", "{3AB8AB9B-155C-4E77-9E6A-C84B58B89D59}"
EndProject
Project("{FAE04EC0-301F-11D3-BF4B-00C04F79EFBC}") = "066_Func_params", "066_Func_params\066_Func_params.csproj", "{427628E4-A8EA-4266-A194-414E6631CCA5}"
EndProject
Project("{FAE04EC0-301F-11D3-BF4B-00C04F79EFBC}") = "067_Check", "067_Check\067_Check.csproj", "{C9C0FD29-8420-4337-94C4-03FE16496489}"
EndProject
Project("{FAE04EC0-301F-11D3-BF4B-00C04F79EFBC}") = "CheckPoint02", "CheckPoint02\CheckPoint02.csproj", "{8C361DB8-0FC4-4BAE-A5AD-2FE78F333770}"
EndProject
Project("{FAE04EC0-301F-11D3-BF4B-00C04F79EFBC}") = "068_Array_Init", "068_Array_Init\068_Array_Init.csproj", "{4F658FFD-E42C-438C-B2F0-40D2369C0153}"
EndProject
Project("{FAE04EC0-301F-11D3-BF4B-00C04F79EFBC}") = "068_1_Array_Init2", "068_1_Array_Init2\068_1_Array_Init2.csproj", "{9EE1AA9C-443C-4D6B-A521-A8ABC9518C60}"
EndProject
Project("{FAE04EC0-301F-11D3-BF4B-00C04F79EFBC}") = "069_Array_Multi", "069_Array_Multi\069_Array_Multi.csproj", "{0C5B52FD-299C-4C5A-84E6-296BBC83D02E}"
EndProject
Project("{FAE04EC0-301F-11D3-BF4B-00C04F79EFBC}") = "070_Array_Multi2", "070_Array_Multi2\070_Array_Multi2.csproj", "{0A837B2D-2A30-4148-A668-0892512B75DD}"
EndProject
Project("{FAE04EC0-301F-11D3-BF4B-00C04F79EFBC}") = "071_Array_Flex", "071_Array_Flex\071_Array_Flex.csproj", "{C0892A85-7AB0-4DF8-A294-7F60D2AC60AF}"
EndProject
Project("{FAE04EC0-301F-11D3-BF4B-00C04F79EFBC}") = "072_Array_Func1", "072_Array_Func1\072_Array_Func1.csproj", "{ACADDBE4-3557-429D-9142-D82AAFDB2587}"
EndProject
Project("{FAE04EC0-301F-11D3-BF4B-00C04F79EFBC}") = "073_Array_Func2", "073_Array_Func2\073_Array_Func2.csproj", "{CA313389-B658-4D14-B019-7894963464E1}"
EndProject
Project("{FAE04EC0-301F-11D3-BF4B-00C04F79EFBC}") = "074_Array_Clear", "074_Array_Clear\074_Array_Clear.csproj", "{9D063D00-6577-471D-925E-9EF383651AD8}"
EndProject
Project("{FAE04EC0-301F-11D3-BF4B-00C04F79EFBC}") = "075_Check", "075_Check\075_Check.csproj", "{1DCCB1E4-1205-4843-A9E2-03A4A0BEC134}"
EndProject
Project("{FAE04EC0-301F-11D3-BF4B-00C04F79EFBC}") = "076_Check", "076_Check\076_Check.csproj", "{DF326055-DF91-45A4-808D-6FD3D972B00D}"
EndProject
Project("{FAE04EC0-301F-11D3-BF4B-00C04F79EFBC}") = "CheckPoint03", "CheckPoint03\CheckPoint03.csproj", "{76A11E59-17C3-4C4A-AD06-16739F887131}"
EndProject
Global
	GlobalSection(SolutionConfigurationPlatforms) = preSolution
		Debug|Any CPU = Debug|Any CPU
		Release|Any CPU = Release|Any CPU
	EndGlobalSection
	GlobalSection(ProjectConfigurationPlatforms) = postSolution
		{BB55EA42-6EE9-46D1-8371-4E9027EAF924}.Debug|Any CPU.ActiveCfg = Debug|Any CPU
		{BB55EA42-6EE9-46D1-8371-4E9027EAF924}.Debug|Any CPU.Build.0 = Debug|Any CPU
		{BB55EA42-6EE9-46D1-8371-4E9027EAF924}.Release|Any CPU.ActiveCfg = Release|Any CPU
		{BB55EA42-6EE9-46D1-8371-4E9027EAF924}.Release|Any CPU.Build.0 = Release|Any CPU
		{AB2EB53F-19D8-4DC1-AB8B-889894A2FB0A}.Debug|Any CPU.ActiveCfg = Debug|Any CPU
		{AB2EB53F-19D8-4DC1-AB8B-889894A2FB0A}.Debug|Any CPU.Build.0 = Debug|Any CPU
		{AB2EB53F-19D8-4DC1-AB8B-889894A2FB0A}.Release|Any CPU.ActiveCfg = Release|Any CPU
		{AB2EB53F-19D8-4DC1-AB8B-889894A2FB0A}.Release|Any CPU.Build.0 = Release|Any CPU
		{10C46AD7-5C7E-4BE7-92BD-8E4113480822}.Debug|Any CPU.ActiveCfg = Debug|Any CPU
		{10C46AD7-5C7E-4BE7-92BD-8E4113480822}.Debug|Any CPU.Build.0 = Debug|Any CPU
		{10C46AD7-5C7E-4BE7-92BD-8E4113480822}.Release|Any CPU.ActiveCfg = Release|Any CPU
		{10C46AD7-5C7E-4BE7-92BD-8E4113480822}.Release|Any CPU.Build.0 = Release|Any CPU
		{B792E262-F6E3-4D98-ACE9-6D0BF222CD11}.Debug|Any CPU.ActiveCfg = Debug|Any CPU
		{B792E262-F6E3-4D98-ACE9-6D0BF222CD11}.Debug|Any CPU.Build.0 = Debug|Any CPU
		{B792E262-F6E3-4D98-ACE9-6D0BF222CD11}.Release|Any CPU.ActiveCfg = Release|Any CPU
		{B792E262-F6E3-4D98-ACE9-6D0BF222CD11}.Release|Any CPU.Build.0 = Release|Any CPU
		{13C1E7E6-6A3A-42E0-816C-61A5C9710B86}.Debug|Any CPU.ActiveCfg = Debug|Any CPU
		{13C1E7E6-6A3A-42E0-816C-61A5C9710B86}.Debug|Any CPU.Build.0 = Debug|Any CPU
		{13C1E7E6-6A3A-42E0-816C-61A5C9710B86}.Release|Any CPU.ActiveCfg = Release|Any CPU
		{13C1E7E6-6A3A-42E0-816C-61A5C9710B86}.Release|Any CPU.Build.0 = Release|Any CPU
		{04BC2C42-F126-4D33-AEB1-98EC212DBE0E}.Debug|Any CPU.ActiveCfg = Debug|Any CPU
		{04BC2C42-F126-4D33-AEB1-98EC212DBE0E}.Debug|Any CPU.Build.0 = Debug|Any CPU
		{04BC2C42-F126-4D33-AEB1-98EC212DBE0E}.Release|Any CPU.ActiveCfg = Release|Any CPU
		{04BC2C42-F126-4D33-AEB1-98EC212DBE0E}.Release|Any CPU.Build.0 = Release|Any CPU
		{832605AB-6A1D-4288-BBD7-7621B6D1E5D7}.Debug|Any CPU.ActiveCfg = Debug|Any CPU
		{832605AB-6A1D-4288-BBD7-7621B6D1E5D7}.Debug|Any CPU.Build.0 = Debug|Any CPU
		{832605AB-6A1D-4288-BBD7-7621B6D1E5D7}.Release|Any CPU.ActiveCfg = Release|Any CPU
		{832605AB-6A1D-4288-BBD7-7621B6D1E5D7}.Release|Any CPU.Build.0 = Release|Any CPU
		{C10D56F8-C3BC-493B-B142-D9A157892724}.Debug|Any CPU.ActiveCfg = Debug|Any CPU
		{C10D56F8-C3BC-493B-B142-D9A157892724}.Debug|Any CPU.Build.0 = Debug|Any CPU
		{C10D56F8-C3BC-493B-B142-D9A157892724}.Release|Any CPU.ActiveCfg = Release|Any CPU
		{C10D56F8-C3BC-493B-B142-D9A157892724}.Release|Any CPU.Build.0 = Release|Any CPU
		{AA47A112-8995-4CE6-9D8A-54BB3E1C5EE9}.Debug|Any CPU.ActiveCfg = Debug|Any CPU
		{AA47A112-8995-4CE6-9D8A-54BB3E1C5EE9}.Debug|Any CPU.Build.0 = Debug|Any CPU
		{AA47A112-8995-4CE6-9D8A-54BB3E1C5EE9}.Release|Any CPU.ActiveCfg = Release|Any CPU
		{AA47A112-8995-4CE6-9D8A-54BB3E1C5EE9}.Release|Any CPU.Build.0 = Release|Any CPU
		{37F7078E-E9F6-45D0-81FE-4E536DB3A285}.Debug|Any CPU.ActiveCfg = Debug|Any CPU
		{37F7078E-E9F6-45D0-81FE-4E536DB3A285}.Debug|Any CPU.Build.0 = Debug|Any CPU
		{37F7078E-E9F6-45D0-81FE-4E536DB3A285}.Release|Any CPU.ActiveCfg = Release|Any CPU
		{37F7078E-E9F6-45D0-81FE-4E536DB3A285}.Release|Any CPU.Build.0 = Release|Any CPU
		{7F611FE5-29E1-4512-A52F-1BFD7370B955}.Debug|Any CPU.ActiveCfg = Debug|Any CPU
		{7F611FE5-29E1-4512-A52F-1BFD7370B955}.Debug|Any CPU.Build.0 = Debug|Any CPU
		{7F611FE5-29E1-4512-A52F-1BFD7370B955}.Release|Any CPU.ActiveCfg = Release|Any CPU
		{7F611FE5-29E1-4512-A52F-1BFD7370B955}.Release|Any CPU.Build.0 = Release|Any CPU
		{DF0F232D-ED90-4757-BEBB-8CFA3370503F}.Debug|Any CPU.ActiveCfg = Debug|Any CPU
		{DF0F232D-ED90-4757-BEBB-8CFA3370503F}.Debug|Any CPU.Build.0 = Debug|Any CPU
		{DF0F232D-ED90-4757-BEBB-8CFA3370503F}.Release|Any CPU.ActiveCfg = Release|Any CPU
		{DF0F232D-ED90-4757-BEBB-8CFA3370503F}.Release|Any CPU.Build.0 = Release|Any CPU
		{8B357E35-9465-42D5-BD4B-A27AC6A89CD2}.Debug|Any CPU.ActiveCfg = Debug|Any CPU
		{8B357E35-9465-42D5-BD4B-A27AC6A89CD2}.Debug|Any CPU.Build.0 = Debug|Any CPU
		{8B357E35-9465-42D5-BD4B-A27AC6A89CD2}.Release|Any CPU.ActiveCfg = Release|Any CPU
		{8B357E35-9465-42D5-BD4B-A27AC6A89CD2}.Release|Any CPU.Build.0 = Release|Any CPU
		{0B14595C-A530-498C-AD28-0E74277B2CF9}.Debug|Any CPU.ActiveCfg = Debug|Any CPU
		{0B14595C-A530-498C-AD28-0E74277B2CF9}.Debug|Any CPU.Build.0 = Debug|Any CPU
		{0B14595C-A530-498C-AD28-0E74277B2CF9}.Release|Any CPU.ActiveCfg = Release|Any CPU
		{0B14595C-A530-498C-AD28-0E74277B2CF9}.Release|Any CPU.Build.0 = Release|Any CPU
		{42AE4461-2728-4FD4-9EBC-398C9E4B334F}.Debug|Any CPU.ActiveCfg = Debug|Any CPU
		{42AE4461-2728-4FD4-9EBC-398C9E4B334F}.Debug|Any CPU.Build.0 = Debug|Any CPU
		{42AE4461-2728-4FD4-9EBC-398C9E4B334F}.Release|Any CPU.ActiveCfg = Release|Any CPU
		{42AE4461-2728-4FD4-9EBC-398C9E4B334F}.Release|Any CPU.Build.0 = Release|Any CPU
		{A7C8EF35-310B-40A0-9AAD-F7482FB28774}.Debug|Any CPU.ActiveCfg = Debug|Any CPU
		{A7C8EF35-310B-40A0-9AAD-F7482FB28774}.Debug|Any CPU.Build.0 = Debug|Any CPU
		{A7C8EF35-310B-40A0-9AAD-F7482FB28774}.Release|Any CPU.ActiveCfg = Release|Any CPU
		{A7C8EF35-310B-40A0-9AAD-F7482FB28774}.Release|Any CPU.Build.0 = Release|Any CPU
		{569FA64A-5A8E-48E8-A7AC-CD925DDAD2BC}.Debug|Any CPU.ActiveCfg = Debug|Any CPU
		{569FA64A-5A8E-48E8-A7AC-CD925DDAD2BC}.Debug|Any CPU.Build.0 = Debug|Any CPU
		{569FA64A-5A8E-48E8-A7AC-CD925DDAD2BC}.Release|Any CPU.ActiveCfg = Release|Any CPU
		{569FA64A-5A8E-48E8-A7AC-CD925DDAD2BC}.Release|Any CPU.Build.0 = Release|Any CPU
		{708CCB51-1F2F-46B7-B5E2-18832B7E8ABF}.Debug|Any CPU.ActiveCfg = Debug|Any CPU
		{708CCB51-1F2F-46B7-B5E2-18832B7E8ABF}.Debug|Any CPU.Build.0 = Debug|Any CPU
		{708CCB51-1F2F-46B7-B5E2-18832B7E8ABF}.Release|Any CPU.ActiveCfg = Release|Any CPU
		{708CCB51-1F2F-46B7-B5E2-18832B7E8ABF}.Release|Any CPU.Build.0 = Release|Any CPU
		{6FDBCC82-8E7B-429F-A38D-0DA3B635FACB}.Debug|Any CPU.ActiveCfg = Debug|Any CPU
		{6FDBCC82-8E7B-429F-A38D-0DA3B635FACB}.Debug|Any CPU.Build.0 = Debug|Any CPU
		{6FDBCC82-8E7B-429F-A38D-0DA3B635FACB}.Release|Any CPU.ActiveCfg = Release|Any CPU
		{6FDBCC82-8E7B-429F-A38D-0DA3B635FACB}.Release|Any CPU.Build.0 = Release|Any CPU
		{2347C146-789E-4B9B-930B-62FB3BED3168}.Debug|Any CPU.ActiveCfg = Debug|Any CPU
		{2347C146-789E-4B9B-930B-62FB3BED3168}.Debug|Any CPU.Build.0 = Debug|Any CPU
		{2347C146-789E-4B9B-930B-62FB3BED3168}.Release|Any CPU.ActiveCfg = Release|Any CPU
		{2347C146-789E-4B9B-930B-62FB3BED3168}.Release|Any CPU.Build.0 = Release|Any CPU
		{9994401D-C4E4-42A3-B78E-B59A378284AC}.Debug|Any CPU.ActiveCfg = Debug|Any CPU
		{9994401D-C4E4-42A3-B78E-B59A378284AC}.Debug|Any CPU.Build.0 = Debug|Any CPU
		{9994401D-C4E4-42A3-B78E-B59A378284AC}.Release|Any CPU.ActiveCfg = Release|Any CPU
		{9994401D-C4E4-42A3-B78E-B59A378284AC}.Release|Any CPU.Build.0 = Release|Any CPU
		{046B3321-1796-43CA-94C5-F7C02EB2C4DD}.Debug|Any CPU.ActiveCfg = Debug|Any CPU
		{046B3321-1796-43CA-94C5-F7C02EB2C4DD}.Debug|Any CPU.Build.0 = Debug|Any CPU
		{046B3321-1796-43CA-94C5-F7C02EB2C4DD}.Release|Any CPU.ActiveCfg = Release|Any CPU
		{046B3321-1796-43CA-94C5-F7C02EB2C4DD}.Release|Any CPU.Build.0 = Release|Any CPU
		{18EA668D-47A4-4E39-8C05-827250BDAC50}.Debug|Any CPU.ActiveCfg = Debug|Any CPU
		{18EA668D-47A4-4E39-8C05-827250BDAC50}.Debug|Any CPU.Build.0 = Debug|Any CPU
		{18EA668D-47A4-4E39-8C05-827250BDAC50}.Release|Any CPU.ActiveCfg = Release|Any CPU
		{18EA668D-47A4-4E39-8C05-827250BDAC50}.Release|Any CPU.Build.0 = Release|Any CPU
		{7E2F1D99-DBAB-46B5-8117-19A1C010E068}.Debug|Any CPU.ActiveCfg = Debug|Any CPU
		{7E2F1D99-DBAB-46B5-8117-19A1C010E068}.Debug|Any CPU.Build.0 = Debug|Any CPU
		{7E2F1D99-DBAB-46B5-8117-19A1C010E068}.Release|Any CPU.ActiveCfg = Release|Any CPU
		{7E2F1D99-DBAB-46B5-8117-19A1C010E068}.Release|Any CPU.Build.0 = Release|Any CPU
		{A7FA77CC-2947-4B9A-9496-8AF58FADD1AD}.Debug|Any CPU.ActiveCfg = Debug|Any CPU
		{A7FA77CC-2947-4B9A-9496-8AF58FADD1AD}.Debug|Any CPU.Build.0 = Debug|Any CPU
		{A7FA77CC-2947-4B9A-9496-8AF58FADD1AD}.Release|Any CPU.ActiveCfg = Release|Any CPU
		{A7FA77CC-2947-4B9A-9496-8AF58FADD1AD}.Release|Any CPU.Build.0 = Release|Any CPU
		{914C65E3-7407-44DB-A332-068586D88496}.Debug|Any CPU.ActiveCfg = Debug|Any CPU
		{914C65E3-7407-44DB-A332-068586D88496}.Debug|Any CPU.Build.0 = Debug|Any CPU
		{914C65E3-7407-44DB-A332-068586D88496}.Release|Any CPU.ActiveCfg = Release|Any CPU
		{914C65E3-7407-44DB-A332-068586D88496}.Release|Any CPU.Build.0 = Release|Any CPU
		{4F19CBA2-D0C5-4CFD-A055-7E5EE19AF746}.Debug|Any CPU.ActiveCfg = Debug|Any CPU
		{4F19CBA2-D0C5-4CFD-A055-7E5EE19AF746}.Debug|Any CPU.Build.0 = Debug|Any CPU
		{4F19CBA2-D0C5-4CFD-A055-7E5EE19AF746}.Release|Any CPU.ActiveCfg = Release|Any CPU
		{4F19CBA2-D0C5-4CFD-A055-7E5EE19AF746}.Release|Any CPU.Build.0 = Release|Any CPU
		{52BE51D9-0275-469C-96E0-FDF8C6108DE4}.Debug|Any CPU.ActiveCfg = Debug|Any CPU
		{52BE51D9-0275-469C-96E0-FDF8C6108DE4}.Debug|Any CPU.Build.0 = Debug|Any CPU
		{52BE51D9-0275-469C-96E0-FDF8C6108DE4}.Release|Any CPU.ActiveCfg = Release|Any CPU
		{52BE51D9-0275-469C-96E0-FDF8C6108DE4}.Release|Any CPU.Build.0 = Release|Any CPU
		{C7B1252D-8F15-4E10-ACF2-8266D342CFE6}.Debug|Any CPU.ActiveCfg = Debug|Any CPU
		{C7B1252D-8F15-4E10-ACF2-8266D342CFE6}.Debug|Any CPU.Build.0 = Debug|Any CPU
		{C7B1252D-8F15-4E10-ACF2-8266D342CFE6}.Release|Any CPU.ActiveCfg = Release|Any CPU
		{C7B1252D-8F15-4E10-ACF2-8266D342CFE6}.Release|Any CPU.Build.0 = Release|Any CPU
		{401ECFB8-6160-40D5-A7F4-860892321747}.Debug|Any CPU.ActiveCfg = Debug|Any CPU
		{401ECFB8-6160-40D5-A7F4-860892321747}.Debug|Any CPU.Build.0 = Debug|Any CPU
		{401ECFB8-6160-40D5-A7F4-860892321747}.Release|Any CPU.ActiveCfg = Release|Any CPU
		{401ECFB8-6160-40D5-A7F4-860892321747}.Release|Any CPU.Build.0 = Release|Any CPU
		{98C7B5A9-BD67-44EB-8884-2EB16582C30F}.Debug|Any CPU.ActiveCfg = Debug|Any CPU
		{98C7B5A9-BD67-44EB-8884-2EB16582C30F}.Debug|Any CPU.Build.0 = Debug|Any CPU
		{98C7B5A9-BD67-44EB-8884-2EB16582C30F}.Release|Any CPU.ActiveCfg = Release|Any CPU
		{98C7B5A9-BD67-44EB-8884-2EB16582C30F}.Release|Any CPU.Build.0 = Release|Any CPU
		{94539E4D-9141-4C3E-98CC-C64D5D6764D2}.Debug|Any CPU.ActiveCfg = Debug|Any CPU
		{94539E4D-9141-4C3E-98CC-C64D5D6764D2}.Debug|Any CPU.Build.0 = Debug|Any CPU
		{94539E4D-9141-4C3E-98CC-C64D5D6764D2}.Release|Any CPU.ActiveCfg = Release|Any CPU
		{94539E4D-9141-4C3E-98CC-C64D5D6764D2}.Release|Any CPU.Build.0 = Release|Any CPU
		{0552075D-DD8E-4D94-A046-35A23CBF6173}.Debug|Any CPU.ActiveCfg = Debug|Any CPU
		{0552075D-DD8E-4D94-A046-35A23CBF6173}.Debug|Any CPU.Build.0 = Debug|Any CPU
		{0552075D-DD8E-4D94-A046-35A23CBF6173}.Release|Any CPU.ActiveCfg = Release|Any CPU
		{0552075D-DD8E-4D94-A046-35A23CBF6173}.Release|Any CPU.Build.0 = Release|Any CPU
		{726244A0-E00E-4860-8749-B6E51DBA26FB}.Debug|Any CPU.ActiveCfg = Debug|Any CPU
		{726244A0-E00E-4860-8749-B6E51DBA26FB}.Debug|Any CPU.Build.0 = Debug|Any CPU
		{726244A0-E00E-4860-8749-B6E51DBA26FB}.Release|Any CPU.ActiveCfg = Release|Any CPU
		{726244A0-E00E-4860-8749-B6E51DBA26FB}.Release|Any CPU.Build.0 = Release|Any CPU
		{BD625BEE-3ED8-42F8-AAFC-3D3E719C605D}.Debug|Any CPU.ActiveCfg = Debug|Any CPU
		{BD625BEE-3ED8-42F8-AAFC-3D3E719C605D}.Debug|Any CPU.Build.0 = Debug|Any CPU
		{BD625BEE-3ED8-42F8-AAFC-3D3E719C605D}.Release|Any CPU.ActiveCfg = Release|Any CPU
		{BD625BEE-3ED8-42F8-AAFC-3D3E719C605D}.Release|Any CPU.Build.0 = Release|Any CPU
		{0B2DE8F0-E348-4C90-A8E8-315B8D882BFC}.Debug|Any CPU.ActiveCfg = Debug|Any CPU
		{0B2DE8F0-E348-4C90-A8E8-315B8D882BFC}.Debug|Any CPU.Build.0 = Debug|Any CPU
		{0B2DE8F0-E348-4C90-A8E8-315B8D882BFC}.Release|Any CPU.ActiveCfg = Release|Any CPU
		{0B2DE8F0-E348-4C90-A8E8-315B8D882BFC}.Release|Any CPU.Build.0 = Release|Any CPU
		{0348E0DA-0545-428C-B3A0-ABD942B192C8}.Debug|Any CPU.ActiveCfg = Debug|Any CPU
		{0348E0DA-0545-428C-B3A0-ABD942B192C8}.Debug|Any CPU.Build.0 = Debug|Any CPU
		{0348E0DA-0545-428C-B3A0-ABD942B192C8}.Release|Any CPU.ActiveCfg = Release|Any CPU
		{0348E0DA-0545-428C-B3A0-ABD942B192C8}.Release|Any CPU.Build.0 = Release|Any CPU
		{6BC7C136-90A5-4CA0-B898-D664C9340440}.Debug|Any CPU.ActiveCfg = Debug|Any CPU
		{6BC7C136-90A5-4CA0-B898-D664C9340440}.Debug|Any CPU.Build.0 = Debug|Any CPU
		{6BC7C136-90A5-4CA0-B898-D664C9340440}.Release|Any CPU.ActiveCfg = Release|Any CPU
		{6BC7C136-90A5-4CA0-B898-D664C9340440}.Release|Any CPU.Build.0 = Release|Any CPU
		{5D6BF0B7-C639-4FDE-9336-C7E7E6AC8F3E}.Debug|Any CPU.ActiveCfg = Debug|Any CPU
		{5D6BF0B7-C639-4FDE-9336-C7E7E6AC8F3E}.Debug|Any CPU.Build.0 = Debug|Any CPU
		{5D6BF0B7-C639-4FDE-9336-C7E7E6AC8F3E}.Release|Any CPU.ActiveCfg = Release|Any CPU
		{5D6BF0B7-C639-4FDE-9336-C7E7E6AC8F3E}.Release|Any CPU.Build.0 = Release|Any CPU
		{A6B258A4-863C-45D6-AA9C-811BECFD22C7}.Debug|Any CPU.ActiveCfg = Debug|Any CPU
		{A6B258A4-863C-45D6-AA9C-811BECFD22C7}.Debug|Any CPU.Build.0 = Debug|Any CPU
		{A6B258A4-863C-45D6-AA9C-811BECFD22C7}.Release|Any CPU.ActiveCfg = Release|Any CPU
		{A6B258A4-863C-45D6-AA9C-811BECFD22C7}.Release|Any CPU.Build.0 = Release|Any CPU
		{BE57CCF4-7D62-4CE4-9189-3A02FF0ECFFC}.Debug|Any CPU.ActiveCfg = Debug|Any CPU
		{BE57CCF4-7D62-4CE4-9189-3A02FF0ECFFC}.Debug|Any CPU.Build.0 = Debug|Any CPU
		{BE57CCF4-7D62-4CE4-9189-3A02FF0ECFFC}.Release|Any CPU.ActiveCfg = Release|Any CPU
		{BE57CCF4-7D62-4CE4-9189-3A02FF0ECFFC}.Release|Any CPU.Build.0 = Release|Any CPU
		{0C2A62DA-013B-41AD-B253-3BEE30733B1B}.Debug|Any CPU.ActiveCfg = Debug|Any CPU
		{0C2A62DA-013B-41AD-B253-3BEE30733B1B}.Debug|Any CPU.Build.0 = Debug|Any CPU
		{0C2A62DA-013B-41AD-B253-3BEE30733B1B}.Release|Any CPU.ActiveCfg = Release|Any CPU
		{0C2A62DA-013B-41AD-B253-3BEE30733B1B}.Release|Any CPU.Build.0 = Release|Any CPU
		{8F9A58E8-0AE2-4F6A-9C8D-FF8EBA1D3756}.Debug|Any CPU.ActiveCfg = Debug|Any CPU
		{8F9A58E8-0AE2-4F6A-9C8D-FF8EBA1D3756}.Debug|Any CPU.Build.0 = Debug|Any CPU
		{8F9A58E8-0AE2-4F6A-9C8D-FF8EBA1D3756}.Release|Any CPU.ActiveCfg = Release|Any CPU
		{8F9A58E8-0AE2-4F6A-9C8D-FF8EBA1D3756}.Release|Any CPU.Build.0 = Release|Any CPU
		{FA2F6B73-0C47-4809-9053-8688B6D48CAB}.Debug|Any CPU.ActiveCfg = Debug|Any CPU
		{FA2F6B73-0C47-4809-9053-8688B6D48CAB}.Debug|Any CPU.Build.0 = Debug|Any CPU
		{FA2F6B73-0C47-4809-9053-8688B6D48CAB}.Release|Any CPU.ActiveCfg = Release|Any CPU
		{FA2F6B73-0C47-4809-9053-8688B6D48CAB}.Release|Any CPU.Build.0 = Release|Any CPU
		{E54411F3-231B-4865-AA51-E2745A435C73}.Debug|Any CPU.ActiveCfg = Debug|Any CPU
		{E54411F3-231B-4865-AA51-E2745A435C73}.Debug|Any CPU.Build.0 = Debug|Any CPU
		{E54411F3-231B-4865-AA51-E2745A435C73}.Release|Any CPU.ActiveCfg = Release|Any CPU
		{E54411F3-231B-4865-AA51-E2745A435C73}.Release|Any CPU.Build.0 = Release|Any CPU
		{65BFACE2-FD09-47C1-997E-F05D0E8A9AEE}.Debug|Any CPU.ActiveCfg = Debug|Any CPU
		{65BFACE2-FD09-47C1-997E-F05D0E8A9AEE}.Debug|Any CPU.Build.0 = Debug|Any CPU
		{65BFACE2-FD09-47C1-997E-F05D0E8A9AEE}.Release|Any CPU.ActiveCfg = Release|Any CPU
		{65BFACE2-FD09-47C1-997E-F05D0E8A9AEE}.Release|Any CPU.Build.0 = Release|Any CPU
		{7C07734F-522A-4ADD-A982-5A0095613470}.Debug|Any CPU.ActiveCfg = Debug|Any CPU
		{7C07734F-522A-4ADD-A982-5A0095613470}.Debug|Any CPU.Build.0 = Debug|Any CPU
		{7C07734F-522A-4ADD-A982-5A0095613470}.Release|Any CPU.ActiveCfg = Release|Any CPU
		{7C07734F-522A-4ADD-A982-5A0095613470}.Release|Any CPU.Build.0 = Release|Any CPU
		{C0A09C28-5943-4B1B-88E1-99A727C47CDC}.Debug|Any CPU.ActiveCfg = Debug|Any CPU
		{C0A09C28-5943-4B1B-88E1-99A727C47CDC}.Debug|Any CPU.Build.0 = Debug|Any CPU
		{C0A09C28-5943-4B1B-88E1-99A727C47CDC}.Release|Any CPU.ActiveCfg = Release|Any CPU
		{C0A09C28-5943-4B1B-88E1-99A727C47CDC}.Release|Any CPU.Build.0 = Release|Any CPU
		{CEF2DD52-56D8-4D7D-AD77-FB04ED54FD2B}.Debug|Any CPU.ActiveCfg = Debug|Any CPU
		{CEF2DD52-56D8-4D7D-AD77-FB04ED54FD2B}.Debug|Any CPU.Build.0 = Debug|Any CPU
		{CEF2DD52-56D8-4D7D-AD77-FB04ED54FD2B}.Release|Any CPU.ActiveCfg = Release|Any CPU
		{CEF2DD52-56D8-4D7D-AD77-FB04ED54FD2B}.Release|Any CPU.Build.0 = Release|Any CPU
		{2ABC374D-2490-408F-9BE5-848946D7D0A5}.Debug|Any CPU.ActiveCfg = Debug|Any CPU
		{2ABC374D-2490-408F-9BE5-848946D7D0A5}.Debug|Any CPU.Build.0 = Debug|Any CPU
		{2ABC374D-2490-408F-9BE5-848946D7D0A5}.Release|Any CPU.ActiveCfg = Release|Any CPU
		{2ABC374D-2490-408F-9BE5-848946D7D0A5}.Release|Any CPU.Build.0 = Release|Any CPU
		{7450B0F6-1538-414B-8C09-3C8F3BCE901D}.Debug|Any CPU.ActiveCfg = Debug|Any CPU
		{7450B0F6-1538-414B-8C09-3C8F3BCE901D}.Debug|Any CPU.Build.0 = Debug|Any CPU
		{7450B0F6-1538-414B-8C09-3C8F3BCE901D}.Release|Any CPU.ActiveCfg = Release|Any CPU
		{7450B0F6-1538-414B-8C09-3C8F3BCE901D}.Release|Any CPU.Build.0 = Release|Any CPU
		{C17474BD-2786-4D75-96CF-BD41E3CE5434}.Debug|Any CPU.ActiveCfg = Debug|Any CPU
		{C17474BD-2786-4D75-96CF-BD41E3CE5434}.Debug|Any CPU.Build.0 = Debug|Any CPU
		{C17474BD-2786-4D75-96CF-BD41E3CE5434}.Release|Any CPU.ActiveCfg = Release|Any CPU
		{C17474BD-2786-4D75-96CF-BD41E3CE5434}.Release|Any CPU.Build.0 = Release|Any CPU
		{DD7DD824-56B7-4BFF-8957-F7DAC90279BA}.Debug|Any CPU.ActiveCfg = Debug|Any CPU
		{DD7DD824-56B7-4BFF-8957-F7DAC90279BA}.Debug|Any CPU.Build.0 = Debug|Any CPU
		{DD7DD824-56B7-4BFF-8957-F7DAC90279BA}.Release|Any CPU.ActiveCfg = Release|Any CPU
		{DD7DD824-56B7-4BFF-8957-F7DAC90279BA}.Release|Any CPU.Build.0 = Release|Any CPU
		{1488485D-CD21-4E0D-82EA-21FCAB5B4CD9}.Debug|Any CPU.ActiveCfg = Debug|Any CPU
		{1488485D-CD21-4E0D-82EA-21FCAB5B4CD9}.Debug|Any CPU.Build.0 = Debug|Any CPU
		{1488485D-CD21-4E0D-82EA-21FCAB5B4CD9}.Release|Any CPU.ActiveCfg = Release|Any CPU
		{1488485D-CD21-4E0D-82EA-21FCAB5B4CD9}.Release|Any CPU.Build.0 = Release|Any CPU
		{257051D9-D470-4CBF-9403-3A29991A6514}.Debug|Any CPU.ActiveCfg = Debug|Any CPU
		{257051D9-D470-4CBF-9403-3A29991A6514}.Debug|Any CPU.Build.0 = Debug|Any CPU
		{257051D9-D470-4CBF-9403-3A29991A6514}.Release|Any CPU.ActiveCfg = Release|Any CPU
		{257051D9-D470-4CBF-9403-3A29991A6514}.Release|Any CPU.Build.0 = Release|Any CPU
		{68B7F118-C475-4EBC-9165-8B7972DE287B}.Debug|Any CPU.ActiveCfg = Debug|Any CPU
		{68B7F118-C475-4EBC-9165-8B7972DE287B}.Debug|Any CPU.Build.0 = Debug|Any CPU
		{68B7F118-C475-4EBC-9165-8B7972DE287B}.Release|Any CPU.ActiveCfg = Release|Any CPU
		{68B7F118-C475-4EBC-9165-8B7972DE287B}.Release|Any CPU.Build.0 = Release|Any CPU
		{AAB06635-634C-4388-9DA7-EE8CAF500F6D}.Debug|Any CPU.ActiveCfg = Debug|Any CPU
		{AAB06635-634C-4388-9DA7-EE8CAF500F6D}.Debug|Any CPU.Build.0 = Debug|Any CPU
		{AAB06635-634C-4388-9DA7-EE8CAF500F6D}.Release|Any CPU.ActiveCfg = Release|Any CPU
		{AAB06635-634C-4388-9DA7-EE8CAF500F6D}.Release|Any CPU.Build.0 = Release|Any CPU
		{F1232FDD-E9C5-4C7D-AF51-DE17EF5294B2}.Debug|Any CPU.ActiveCfg = Debug|Any CPU
		{F1232FDD-E9C5-4C7D-AF51-DE17EF5294B2}.Debug|Any CPU.Build.0 = Debug|Any CPU
		{F1232FDD-E9C5-4C7D-AF51-DE17EF5294B2}.Release|Any CPU.ActiveCfg = Release|Any CPU
		{F1232FDD-E9C5-4C7D-AF51-DE17EF5294B2}.Release|Any CPU.Build.0 = Release|Any CPU
		{9F61E4E6-6854-4588-87BE-8601434E44E1}.Debug|Any CPU.ActiveCfg = Debug|Any CPU
		{9F61E4E6-6854-4588-87BE-8601434E44E1}.Debug|Any CPU.Build.0 = Debug|Any CPU
		{9F61E4E6-6854-4588-87BE-8601434E44E1}.Release|Any CPU.ActiveCfg = Release|Any CPU
		{9F61E4E6-6854-4588-87BE-8601434E44E1}.Release|Any CPU.Build.0 = Release|Any CPU
		{FDBDA444-7F8A-4641-8727-13D9090FC0C4}.Debug|Any CPU.ActiveCfg = Debug|Any CPU
		{FDBDA444-7F8A-4641-8727-13D9090FC0C4}.Debug|Any CPU.Build.0 = Debug|Any CPU
		{FDBDA444-7F8A-4641-8727-13D9090FC0C4}.Release|Any CPU.ActiveCfg = Release|Any CPU
		{FDBDA444-7F8A-4641-8727-13D9090FC0C4}.Release|Any CPU.Build.0 = Release|Any CPU
		{75C5182D-BF50-4C3F-92E6-80CF18C7E527}.Debug|Any CPU.ActiveCfg = Debug|Any CPU
		{75C5182D-BF50-4C3F-92E6-80CF18C7E527}.Debug|Any CPU.Build.0 = Debug|Any CPU
		{75C5182D-BF50-4C3F-92E6-80CF18C7E527}.Release|Any CPU.ActiveCfg = Release|Any CPU
		{75C5182D-BF50-4C3F-92E6-80CF18C7E527}.Release|Any CPU.Build.0 = Release|Any CPU
		{004EC1CF-92F8-44A0-A864-A92C45088985}.Debug|Any CPU.ActiveCfg = Debug|Any CPU
		{004EC1CF-92F8-44A0-A864-A92C45088985}.Debug|Any CPU.Build.0 = Debug|Any CPU
		{004EC1CF-92F8-44A0-A864-A92C45088985}.Release|Any CPU.ActiveCfg = Release|Any CPU
		{004EC1CF-92F8-44A0-A864-A92C45088985}.Release|Any CPU.Build.0 = Release|Any CPU
		{B73DB98B-45EC-47AA-9A14-5DD903EEAEA1}.Debug|Any CPU.ActiveCfg = Debug|Any CPU
		{B73DB98B-45EC-47AA-9A14-5DD903EEAEA1}.Debug|Any CPU.Build.0 = Debug|Any CPU
		{B73DB98B-45EC-47AA-9A14-5DD903EEAEA1}.Release|Any CPU.ActiveCfg = Release|Any CPU
		{B73DB98B-45EC-47AA-9A14-5DD903EEAEA1}.Release|Any CPU.Build.0 = Release|Any CPU
		{2094AE2D-0216-45BF-80E7-55E5E57D9EA4}.Debug|Any CPU.ActiveCfg = Debug|Any CPU
		{2094AE2D-0216-45BF-80E7-55E5E57D9EA4}.Debug|Any CPU.Build.0 = Debug|Any CPU
		{2094AE2D-0216-45BF-80E7-55E5E57D9EA4}.Release|Any CPU.ActiveCfg = Release|Any CPU
		{2094AE2D-0216-45BF-80E7-55E5E57D9EA4}.Release|Any CPU.Build.0 = Release|Any CPU
		{5EDCA9E1-99A7-4ECA-9C73-3054AED6C003}.Debug|Any CPU.ActiveCfg = Debug|Any CPU
		{5EDCA9E1-99A7-4ECA-9C73-3054AED6C003}.Debug|Any CPU.Build.0 = Debug|Any CPU
		{5EDCA9E1-99A7-4ECA-9C73-3054AED6C003}.Release|Any CPU.ActiveCfg = Release|Any CPU
		{5EDCA9E1-99A7-4ECA-9C73-3054AED6C003}.Release|Any CPU.Build.0 = Release|Any CPU
		{963A1577-B89B-42CB-87F9-F171BC5BDC41}.Debug|Any CPU.ActiveCfg = Debug|Any CPU
		{963A1577-B89B-42CB-87F9-F171BC5BDC41}.Debug|Any CPU.Build.0 = Debug|Any CPU
		{963A1577-B89B-42CB-87F9-F171BC5BDC41}.Release|Any CPU.ActiveCfg = Release|Any CPU
		{963A1577-B89B-42CB-87F9-F171BC5BDC41}.Release|Any CPU.Build.0 = Release|Any CPU
		{3AB8AB9B-155C-4E77-9E6A-C84B58B89D59}.Debug|Any CPU.ActiveCfg = Debug|Any CPU
		{3AB8AB9B-155C-4E77-9E6A-C84B58B89D59}.Debug|Any CPU.Build.0 = Debug|Any CPU
		{3AB8AB9B-155C-4E77-9E6A-C84B58B89D59}.Release|Any CPU.ActiveCfg = Release|Any CPU
		{3AB8AB9B-155C-4E77-9E6A-C84B58B89D59}.Release|Any CPU.Build.0 = Release|Any CPU
		{427628E4-A8EA-4266-A194-414E6631CCA5}.Debug|Any CPU.ActiveCfg = Debug|Any CPU
		{427628E4-A8EA-4266-A194-414E6631CCA5}.Debug|Any CPU.Build.0 = Debug|Any CPU
		{427628E4-A8EA-4266-A194-414E6631CCA5}.Release|Any CPU.ActiveCfg = Release|Any CPU
		{427628E4-A8EA-4266-A194-414E6631CCA5}.Release|Any CPU.Build.0 = Release|Any CPU
		{C9C0FD29-8420-4337-94C4-03FE16496489}.Debug|Any CPU.ActiveCfg = Debug|Any CPU
		{C9C0FD29-8420-4337-94C4-03FE16496489}.Debug|Any CPU.Build.0 = Debug|Any CPU
		{C9C0FD29-8420-4337-94C4-03FE16496489}.Release|Any CPU.ActiveCfg = Release|Any CPU
		{C9C0FD29-8420-4337-94C4-03FE16496489}.Release|Any CPU.Build.0 = Release|Any CPU
		{8C361DB8-0FC4-4BAE-A5AD-2FE78F333770}.Debug|Any CPU.ActiveCfg = Debug|Any CPU
		{8C361DB8-0FC4-4BAE-A5AD-2FE78F333770}.Debug|Any CPU.Build.0 = Debug|Any CPU
		{8C361DB8-0FC4-4BAE-A5AD-2FE78F333770}.Release|Any CPU.ActiveCfg = Release|Any CPU
		{8C361DB8-0FC4-4BAE-A5AD-2FE78F333770}.Release|Any CPU.Build.0 = Release|Any CPU
		{4F658FFD-E42C-438C-B2F0-40D2369C0153}.Debug|Any CPU.ActiveCfg = Debug|Any CPU
		{4F658FFD-E42C-438C-B2F0-40D2369C0153}.Debug|Any CPU.Build.0 = Debug|Any CPU
		{4F658FFD-E42C-438C-B2F0-40D2369C0153}.Release|Any CPU.ActiveCfg = Release|Any CPU
		{4F658FFD-E42C-438C-B2F0-40D2369C0153}.Release|Any CPU.Build.0 = Release|Any CPU
		{9EE1AA9C-443C-4D6B-A521-A8ABC9518C60}.Debug|Any CPU.ActiveCfg = Debug|Any CPU
		{9EE1AA9C-443C-4D6B-A521-A8ABC9518C60}.Debug|Any CPU.Build.0 = Debug|Any CPU
		{9EE1AA9C-443C-4D6B-A521-A8ABC9518C60}.Release|Any CPU.ActiveCfg = Release|Any CPU
		{9EE1AA9C-443C-4D6B-A521-A8ABC9518C60}.Release|Any CPU.Build.0 = Release|Any CPU
		{0C5B52FD-299C-4C5A-84E6-296BBC83D02E}.Debug|Any CPU.ActiveCfg = Debug|Any CPU
		{0C5B52FD-299C-4C5A-84E6-296BBC83D02E}.Debug|Any CPU.Build.0 = Debug|Any CPU
		{0C5B52FD-299C-4C5A-84E6-296BBC83D02E}.Release|Any CPU.ActiveCfg = Release|Any CPU
		{0C5B52FD-299C-4C5A-84E6-296BBC83D02E}.Release|Any CPU.Build.0 = Release|Any CPU
		{0A837B2D-2A30-4148-A668-0892512B75DD}.Debug|Any CPU.ActiveCfg = Debug|Any CPU
		{0A837B2D-2A30-4148-A668-0892512B75DD}.Debug|Any CPU.Build.0 = Debug|Any CPU
		{0A837B2D-2A30-4148-A668-0892512B75DD}.Release|Any CPU.ActiveCfg = Release|Any CPU
		{0A837B2D-2A30-4148-A668-0892512B75DD}.Release|Any CPU.Build.0 = Release|Any CPU
		{C0892A85-7AB0-4DF8-A294-7F60D2AC60AF}.Debug|Any CPU.ActiveCfg = Debug|Any CPU
		{C0892A85-7AB0-4DF8-A294-7F60D2AC60AF}.Debug|Any CPU.Build.0 = Debug|Any CPU
		{C0892A85-7AB0-4DF8-A294-7F60D2AC60AF}.Release|Any CPU.ActiveCfg = Release|Any CPU
		{C0892A85-7AB0-4DF8-A294-7F60D2AC60AF}.Release|Any CPU.Build.0 = Release|Any CPU
		{ACADDBE4-3557-429D-9142-D82AAFDB2587}.Debug|Any CPU.ActiveCfg = Debug|Any CPU
		{ACADDBE4-3557-429D-9142-D82AAFDB2587}.Debug|Any CPU.Build.0 = Debug|Any CPU
		{ACADDBE4-3557-429D-9142-D82AAFDB2587}.Release|Any CPU.ActiveCfg = Release|Any CPU
		{ACADDBE4-3557-429D-9142-D82AAFDB2587}.Release|Any CPU.Build.0 = Release|Any CPU
		{CA313389-B658-4D14-B019-7894963464E1}.Debug|Any CPU.ActiveCfg = Debug|Any CPU
		{CA313389-B658-4D14-B019-7894963464E1}.Debug|Any CPU.Build.0 = Debug|Any CPU
		{CA313389-B658-4D14-B019-7894963464E1}.Release|Any CPU.ActiveCfg = Release|Any CPU
		{CA313389-B658-4D14-B019-7894963464E1}.Release|Any CPU.Build.0 = Release|Any CPU
		{9D063D00-6577-471D-925E-9EF383651AD8}.Debug|Any CPU.ActiveCfg = Debug|Any CPU
		{9D063D00-6577-471D-925E-9EF383651AD8}.Debug|Any CPU.Build.0 = Debug|Any CPU
		{9D063D00-6577-471D-925E-9EF383651AD8}.Release|Any CPU.ActiveCfg = Release|Any CPU
		{9D063D00-6577-471D-925E-9EF383651AD8}.Release|Any CPU.Build.0 = Release|Any CPU
		{1DCCB1E4-1205-4843-A9E2-03A4A0BEC134}.Debug|Any CPU.ActiveCfg = Debug|Any CPU
		{1DCCB1E4-1205-4843-A9E2-03A4A0BEC134}.Debug|Any CPU.Build.0 = Debug|Any CPU
		{1DCCB1E4-1205-4843-A9E2-03A4A0BEC134}.Release|Any CPU.ActiveCfg = Release|Any CPU
		{1DCCB1E4-1205-4843-A9E2-03A4A0BEC134}.Release|Any CPU.Build.0 = Release|Any CPU
		{DF326055-DF91-45A4-808D-6FD3D972B00D}.Debug|Any CPU.ActiveCfg = Debug|Any CPU
		{DF326055-DF91-45A4-808D-6FD3D972B00D}.Debug|Any CPU.Build.0 = Debug|Any CPU
		{DF326055-DF91-45A4-808D-6FD3D972B00D}.Release|Any CPU.ActiveCfg = Release|Any CPU
		{DF326055-DF91-45A4-808D-6FD3D972B00D}.Release|Any CPU.Build.0 = Release|Any CPU
		{76A11E59-17C3-4C4A-AD06-16739F887131}.Debug|Any CPU.ActiveCfg = Debug|Any CPU
		{76A11E59-17C3-4C4A-AD06-16739F887131}.Debug|Any CPU.Build.0 = Debug|Any CPU
		{76A11E59-17C3-4C4A-AD06-16739F887131}.Release|Any CPU.ActiveCfg = Release|Any CPU
		{76A11E59-17C3-4C4A-AD06-16739F887131}.Release|Any CPU.Build.0 = Release|Any CPU
	EndGlobalSection
	GlobalSection(SolutionProperties) = preSolution
		HideSolutionNode = FALSE
	EndGlobalSection
	GlobalSection(ExtensibilityGlobals) = postSolution
		SolutionGuid = {68C0C452-590F-42C6-97ED-7ABA1991C950}
	EndGlobalSection
EndGlobal
