
Microsoft Visual Studio Solution File, Format Version 12.00
# Visual Studio Version 16
VisualStudioVersion = 16.0.30330.147
MinimumVisualStudioVersion = 10.0.40219.1
Project("{FAE04EC0-301F-11D3-BF4B-00C04F79EFBC}") = "FirstProject", "FirstProject\FirstProject.csproj", "{F6F86A18-FF4A-438B-8F5B-450D038D81B1}"
EndProject
Global
	GlobalSection(SolutionConfigurationPlatforms) = preSolution
		Debug|Any CPU = Debug|Any CPU
		Release|Any CPU = Release|Any CPU
	EndGlobalSection
	GlobalSection(ProjectConfigurationPlatforms) = postSolution
		{F6F86A18-FF4A-438B-8F5B-450D038D81B1}.Debug|Any CPU.ActiveCfg = Debug|Any CPU
		{F6F86A18-FF4A-438B-8F5B-450D038D81B1}.Debug|Any CPU.Build.0 = Debug|Any CPU
		{F6F86A18-FF4A-438B-8F5B-450D038D81B1}.Release|Any CPU.ActiveCfg = Release|Any CPU
		{F6F86A18-FF4A-438B-8F5B-450D038D81B1}.Release|Any CPU.Build.0 = Release|Any CPU
	EndGlobalSection
	GlobalSection(SolutionProperties) = preSolution
		HideSolutionNode = FALSE
	EndGlobalSection
	GlobalSection(ExtensibilityGlobals) = postSolution
		SolutionGuid = {B7201B67-A414-4A27-AFD6-56F29F9CF6E1}
	EndGlobalSection
EndGlobal
